
Microsoft Visual Studio Solution File, Format Version 12.00
# Visual Studio 15
VisualStudioVersion = 15.0.28307.852
MinimumVisualStudioVersion = 10.0.40219.1
Project("{FAE04EC0-301F-11D3-BF4B-00C04F79EFBC}") = "SimpleBrokeredMessage.Sender", "SimpleBrokeredMessage.Sender\SimpleBrokeredMessage.Sender.csproj", "{B0CEAD7B-12D6-44D7-AC64-C9AD34DC7F67}"
EndProject
Project("{FAE04EC0-301F-11D3-BF4B-00C04F79EFBC}") = "SimpleBrokeredMessage.Receiver", "SimpleBrokeredMessage.Receiver\SimpleBrokeredMessage.Receiver.csproj", "{24235FE4-E6EC-44AA-B721-AC26E50701AA}"
EndProject
Project("{FAE04EC0-301F-11D3-BF4B-00C04F79EFBC}") = "SimpleBrokeredMessage.Chat", "SimpleBrokeredMessage.Chat\SimpleBrokeredMessage.Chat.csproj", "{C14728A4-7712-4C5D-A2ED-B88ECC0E5315}"
EndProject
Global
	GlobalSection(SolutionConfigurationPlatforms) = preSolution
		Debug|Any CPU = Debug|Any CPU
		Release|Any CPU = Release|Any CPU
	EndGlobalSection
	GlobalSection(ProjectConfigurationPlatforms) = postSolution
		{B0CEAD7B-12D6-44D7-AC64-C9AD34DC7F67}.Debug|Any CPU.ActiveCfg = Debug|Any CPU
		{B0CEAD7B-12D6-44D7-AC64-C9AD34DC7F67}.Debug|Any CPU.Build.0 = Debug|Any CPU
		{B0CEAD7B-12D6-44D7-AC64-C9AD34DC7F67}.Release|Any CPU.ActiveCfg = Release|Any CPU
		{B0CEAD7B-12D6-44D7-AC64-C9AD34DC7F67}.Release|Any CPU.Build.0 = Release|Any CPU
		{24235FE4-E6EC-44AA-B721-AC26E50701AA}.Debug|Any CPU.ActiveCfg = Debug|Any CPU
		{24235FE4-E6EC-44AA-B721-AC26E50701AA}.Debug|Any CPU.Build.0 = Debug|Any CPU
		{24235FE4-E6EC-44AA-B721-AC26E50701AA}.Release|Any CPU.ActiveCfg = Release|Any CPU
		{24235FE4-E6EC-44AA-B721-AC26E50701AA}.Release|Any CPU.Build.0 = Release|Any CPU
		{C14728A4-7712-4C5D-A2ED-B88ECC0E5315}.Debug|Any CPU.ActiveCfg = Debug|Any CPU
		{C14728A4-7712-4C5D-A2ED-B88ECC0E5315}.Debug|Any CPU.Build.0 = Debug|Any CPU
		{C14728A4-7712-4C5D-A2ED-B88ECC0E5315}.Release|Any CPU.ActiveCfg = Release|Any CPU
		{C14728A4-7712-4C5D-A2ED-B88ECC0E5315}.Release|Any CPU.Build.0 = Release|Any CPU
	EndGlobalSection
	GlobalSection(SolutionProperties) = preSolution
		HideSolutionNode = FALSE
	EndGlobalSection
	GlobalSection(ExtensibilityGlobals) = postSolution
		SolutionGuid = {D48B3F95-73BD-4563-BA66-DA1950621D31}
	EndGlobalSection
EndGlobal
